
Microsoft Visual Studio Solution File, Format Version 12.00
# Visual Studio Version 17
VisualStudioVersion = 17.8.34309.116
MinimumVisualStudioVersion = 10.0.40219.1
Project("{9A19103F-16F7-4668-BE54-9A1E7A4F7556}") = "PRL", "PRL\PRL.csproj", "{4F3324C1-4249-41D5-9784-7FCBC0FACE1D}"
EndProject
Project("{FAE04EC0-301F-11D3-BF4B-00C04F79EFBC}") = "DAL", "DAL\DAL.csproj", "{6AB51E5B-B5AD-47D6-A85F-5B046BD9A6F7}"
EndProject
Project("{FAE04EC0-301F-11D3-BF4B-00C04F79EFBC}") = "BUS", "BUS\BUS.csproj", "{E83049A0-6C1D-40F3-977D-1C92B8A9846F}"
EndProject
Global
	GlobalSection(SolutionConfigurationPlatforms) = preSolution
		Debug|Any CPU = Debug|Any CPU
		Release|Any CPU = Release|Any CPU
	EndGlobalSection
	GlobalSection(ProjectConfigurationPlatforms) = postSolution
		{4F3324C1-4249-41D5-9784-7FCBC0FACE1D}.Debug|Any CPU.ActiveCfg = Debug|Any CPU
		{4F3324C1-4249-41D5-9784-7FCBC0FACE1D}.Debug|Any CPU.Build.0 = Debug|Any CPU
		{4F3324C1-4249-41D5-9784-7FCBC0FACE1D}.Release|Any CPU.ActiveCfg = Release|Any CPU
		{4F3324C1-4249-41D5-9784-7FCBC0FACE1D}.Release|Any CPU.Build.0 = Release|Any CPU
		{6AB51E5B-B5AD-47D6-A85F-5B046BD9A6F7}.Debug|Any CPU.ActiveCfg = Debug|Any CPU
		{6AB51E5B-B5AD-47D6-A85F-5B046BD9A6F7}.Debug|Any CPU.Build.0 = Debug|Any CPU
		{6AB51E5B-B5AD-47D6-A85F-5B046BD9A6F7}.Release|Any CPU.ActiveCfg = Release|Any CPU
		{6AB51E5B-B5AD-47D6-A85F-5B046BD9A6F7}.Release|Any CPU.Build.0 = Release|Any CPU
		{E83049A0-6C1D-40F3-977D-1C92B8A9846F}.Debug|Any CPU.ActiveCfg = Debug|Any CPU
		{E83049A0-6C1D-40F3-977D-1C92B8A9846F}.Debug|Any CPU.Build.0 = Debug|Any CPU
		{E83049A0-6C1D-40F3-977D-1C92B8A9846F}.Release|Any CPU.ActiveCfg = Release|Any CPU
		{E83049A0-6C1D-40F3-977D-1C92B8A9846F}.Release|Any CPU.Build.0 = Release|Any CPU
	EndGlobalSection
	GlobalSection(SolutionProperties) = preSolution
		HideSolutionNode = FALSE
	EndGlobalSection
	GlobalSection(ExtensibilityGlobals) = postSolution
		SolutionGuid = {F176BB2C-A512-4F55-8427-71E00189BB4B}
	EndGlobalSection
EndGlobal
